
Microsoft Visual Studio Solution File, Format Version 12.00
# Visual Studio 2013
VisualStudioVersion = 12.0.30723.0
MinimumVisualStudioVersion = 10.0.40219.1
Project("{2150E333-8FDC-42A3-9474-1A3956D46DE8}") = "Business", "Business", "{07A73179-EBAC-4875-9A3A-9244B587123F}"
EndProject
Project("{2150E333-8FDC-42A3-9474-1A3956D46DE8}") = "Presentation", "Presentation", "{2D6FCBBF-09B6-42E3-BCC5-97DD09B76649}"
EndProject
Project("{2150E333-8FDC-42A3-9474-1A3956D46DE8}") = "Common", "Common", "{B8ECC065-C584-4589-9810-EA51C0058209}"
EndProject
Project("{2150E333-8FDC-42A3-9474-1A3956D46DE8}") = "Model", "Model", "{FAF98A45-19B8-4157-A4A6-62597B13D1AB}"
EndProject
Project("{2150E333-8FDC-42A3-9474-1A3956D46DE8}") = "Data", "Data", "{045DCFB0-2ABE-4788-8C46-1A97E1CA2ED3}"
EndProject
Project("{FAE04EC0-301F-11D3-BF4B-00C04F79EFBC}") = "Data.EF.JseDb", "Data.EF.JseDb\Data.EF.JseDb.csproj", "{5DC2F9DC-EAAD-425E-853A-5CDEB054F55F}"
EndProject
Project("{FAE04EC0-301F-11D3-BF4B-00C04F79EFBC}") = "Model.Entities", "Model.Entities\Model.Entities.csproj", "{E807B758-858C-4F1A-A6B1-1FE220426450}"
EndProject
Project("{FAE04EC0-301F-11D3-BF4B-00C04F79EFBC}") = "Model.Definition", "Model.Definition\Model.Definition.csproj", "{62864846-7447-4600-B704-91831B872E3F}"
EndProject
Project("{FAE04EC0-301F-11D3-BF4B-00C04F79EFBC}") = "Data.Web.JobMine", "Data.Web.JobMine\Data.Web.JobMine.csproj", "{07D1AEA5-7872-4B29-93D6-73F8FDC63D33}"
EndProject
Project("{FAE04EC0-301F-11D3-BF4B-00C04F79EFBC}") = "Data.IO.Local", "Data.IO.Local\Data.IO.Local.csproj", "{8BF3F9BB-8EA9-4EEF-BA16-F89FB067E7EF}"
EndProject
Project("{FAE04EC0-301F-11D3-BF4B-00C04F79EFBC}") = "Data.Web.GoogleApis", "Data.Web.GoogleApis\Data.Web.GoogleApis.csproj", "{B0313A60-81F0-4EB1-B423-8052989DBFC7}"
EndProject
Project("{FAE04EC0-301F-11D3-BF4B-00C04F79EFBC}") = "Business.DataBaseSeeder", "Business.DataBaseSeeder\Business.DataBaseSeeder.csproj", "{1E5B0839-8910-4BB4-B317-F06AE676DDEE}"
EndProject
Project("{F088123C-0E9E-452A-89E6-6BA2F21D5CAC}") = "Common.Architecture", "Common.Architecture\Common.Architecture.modelproj", "{3D98618F-04AC-4FA8-9D1D-6603B2565E26}"
EndProject
Project("{FAE04EC0-301F-11D3-BF4B-00C04F79EFBC}") = "JobDownloader", "JobDownloader\JobDownloader.csproj", "{F50252F1-8B43-4D44-9160-47AD3AB0925D}"
EndProject
Project("{FAE04EC0-301F-11D3-BF4B-00C04F79EFBC}") = "DevelopmentConsole", "DevelopmentConsole\DevelopmentConsole.csproj", "{D380F335-F678-48D0-940A-2FAC4E6045E8}"
EndProject
Project("{FAE04EC0-301F-11D3-BF4B-00C04F79EFBC}") = "Business.Manager", "Business.Manager\Business.Manager.csproj", "{DAA00879-C4F6-4B71-808D-F36EC9485E2C}"
EndProject
Project("{FAE04EC0-301F-11D3-BF4B-00C04F79EFBC}") = "Test.Common", "Test.Common\Test.Common.csproj", "{A5821945-B1F7-4C5E-9B1D-E7373C63F194}"
EndProject
Project("{FAE04EC0-301F-11D3-BF4B-00C04F79EFBC}") = "Data.Web.RateMyCoopJob", "Data.Web.RateMyCoopJob\Data.Web.RateMyCoopJob.csproj", "{F328E8D2-2265-4B1A-B6CC-8B28E4DE7123}"
EndProject
Project("{2150E333-8FDC-42A3-9474-1A3956D46DE8}") = "Test", "Test", "{1CFA3036-BF91-439C-8D00-C3CD78E3602A}"
EndProject
Project("{FAE04EC0-301F-11D3-BF4B-00C04F79EFBC}") = "Data.Contract", "Data.Contract\Data.Contract.csproj", "{07ADFCB0-30AA-4A1E-8C2D-0846A03FC831}"
EndProject
Project("{FAE04EC0-301F-11D3-BF4B-00C04F79EFBC}") = "Data.Test", "Data.Test\Data.Test.csproj", "{0E0F9D86-07C7-4A15-BB34-6AA868FE2DE5}"
EndProject
Project("{FAE04EC0-301F-11D3-BF4B-00C04F79EFBC}") = "Common.Utility", "Common.Utility\Common.Utility.csproj", "{C8806BC4-DF4E-455E-AEFF-C2DEEF16F1F4}"
EndProject
Project("{FAE04EC0-301F-11D3-BF4B-00C04F79EFBC}") = "WebPortal", "WebPortal\WebPortal.csproj", "{EB68A84F-264C-4DC4-9F8E-3D1B6B0E203A}"
EndProject
Project("{FAE04EC0-301F-11D3-BF4B-00C04F79EFBC}") = "WebPortal.Tests", "WebPortal.Tests\WebPortal.Tests.csproj", "{44850D06-559A-402F-885C-B04EF856BABA}"
EndProject
Project("{FAE04EC0-301F-11D3-BF4B-00C04F79EFBC}") = "SimpleJobBrowser", "SimpleJobBrowser\SimpleJobBrowser.csproj", "{AC6BBEA9-C8D5-460C-9D68-473504E2DA18}"
EndProject
Project("{FAE04EC0-301F-11D3-BF4B-00C04F79EFBC}") = "UWActuallyWorks", "UWActuallyWorks\UWActuallyWorks.csproj", "{12218963-A89F-4BD3-9B33-BCE2BE445258}"
EndProject
Project("{FAE04EC0-301F-11D3-BF4B-00C04F79EFBC}") = "JobBrowserModule", "JobBrowserModule\JobBrowserModule.csproj", "{5CFDE7E3-A01F-4879-A851-898794623C27}"
EndProject
Project("{FAE04EC0-301F-11D3-BF4B-00C04F79EFBC}") = "JobDownloaderModule", "JobDownloaderModule\JobDownloaderModule.csproj", "{AB57DCC1-0C9A-4B2D-8909-9899034EB768}"
EndProject
Project("{FAE04EC0-301F-11D3-BF4B-00C04F79EFBC}") = "JobDetailModule", "JobDetailModule\JobDetailModule.csproj", "{A2F35430-0FDB-4DC1-A677-38F860925968}"
EndProject
Project("{FAE04EC0-301F-11D3-BF4B-00C04F79EFBC}") = "Presentation.WPF", "Presentation.WPF\Presentation.WPF.csproj", "{6E88C44D-363D-47FE-A482-DAE929900E97}"
EndProject
Global
	GlobalSection(SolutionConfigurationPlatforms) = preSolution
		Debug|Any CPU = Debug|Any CPU
		Debug|ARM = Debug|ARM
		Debug|x64 = Debug|x64
		Debug|x86 = Debug|x86
		Release|Any CPU = Release|Any CPU
		Release|ARM = Release|ARM
		Release|x64 = Release|x64
		Release|x86 = Release|x86
	EndGlobalSection
	GlobalSection(ProjectConfigurationPlatforms) = postSolution
		{5DC2F9DC-EAAD-425E-853A-5CDEB054F55F}.Debug|Any CPU.ActiveCfg = Debug|Any CPU
		{5DC2F9DC-EAAD-425E-853A-5CDEB054F55F}.Debug|Any CPU.Build.0 = Debug|Any CPU
		{5DC2F9DC-EAAD-425E-853A-5CDEB054F55F}.Debug|ARM.ActiveCfg = Debug|Any CPU
		{5DC2F9DC-EAAD-425E-853A-5CDEB054F55F}.Debug|x64.ActiveCfg = Debug|Any CPU
		{5DC2F9DC-EAAD-425E-853A-5CDEB054F55F}.Debug|x86.ActiveCfg = Debug|Any CPU
		{5DC2F9DC-EAAD-425E-853A-5CDEB054F55F}.Release|Any CPU.ActiveCfg = Release|Any CPU
		{5DC2F9DC-EAAD-425E-853A-5CDEB054F55F}.Release|Any CPU.Build.0 = Release|Any CPU
		{5DC2F9DC-EAAD-425E-853A-5CDEB054F55F}.Release|ARM.ActiveCfg = Release|Any CPU
		{5DC2F9DC-EAAD-425E-853A-5CDEB054F55F}.Release|x64.ActiveCfg = Release|Any CPU
		{5DC2F9DC-EAAD-425E-853A-5CDEB054F55F}.Release|x86.ActiveCfg = Release|Any CPU
		{E807B758-858C-4F1A-A6B1-1FE220426450}.Debug|Any CPU.ActiveCfg = Debug|Any CPU
		{E807B758-858C-4F1A-A6B1-1FE220426450}.Debug|Any CPU.Build.0 = Debug|Any CPU
		{E807B758-858C-4F1A-A6B1-1FE220426450}.Debug|ARM.ActiveCfg = Debug|Any CPU
		{E807B758-858C-4F1A-A6B1-1FE220426450}.Debug|x64.ActiveCfg = Debug|Any CPU
		{E807B758-858C-4F1A-A6B1-1FE220426450}.Debug|x86.ActiveCfg = Debug|Any CPU
		{E807B758-858C-4F1A-A6B1-1FE220426450}.Release|Any CPU.ActiveCfg = Release|Any CPU
		{E807B758-858C-4F1A-A6B1-1FE220426450}.Release|Any CPU.Build.0 = Release|Any CPU
		{E807B758-858C-4F1A-A6B1-1FE220426450}.Release|ARM.ActiveCfg = Release|Any CPU
		{E807B758-858C-4F1A-A6B1-1FE220426450}.Release|x64.ActiveCfg = Release|Any CPU
		{E807B758-858C-4F1A-A6B1-1FE220426450}.Release|x86.ActiveCfg = Release|Any CPU
		{62864846-7447-4600-B704-91831B872E3F}.Debug|Any CPU.ActiveCfg = Debug|Any CPU
		{62864846-7447-4600-B704-91831B872E3F}.Debug|Any CPU.Build.0 = Debug|Any CPU
		{62864846-7447-4600-B704-91831B872E3F}.Debug|ARM.ActiveCfg = Debug|Any CPU
		{62864846-7447-4600-B704-91831B872E3F}.Debug|x64.ActiveCfg = Debug|Any CPU
		{62864846-7447-4600-B704-91831B872E3F}.Debug|x86.ActiveCfg = Debug|Any CPU
		{62864846-7447-4600-B704-91831B872E3F}.Release|Any CPU.ActiveCfg = Release|Any CPU
		{62864846-7447-4600-B704-91831B872E3F}.Release|Any CPU.Build.0 = Release|Any CPU
		{62864846-7447-4600-B704-91831B872E3F}.Release|ARM.ActiveCfg = Release|Any CPU
		{62864846-7447-4600-B704-91831B872E3F}.Release|x64.ActiveCfg = Release|Any CPU
		{62864846-7447-4600-B704-91831B872E3F}.Release|x86.ActiveCfg = Release|Any CPU
		{07D1AEA5-7872-4B29-93D6-73F8FDC63D33}.Debug|Any CPU.ActiveCfg = Debug|Any CPU
		{07D1AEA5-7872-4B29-93D6-73F8FDC63D33}.Debug|Any CPU.Build.0 = Debug|Any CPU
		{07D1AEA5-7872-4B29-93D6-73F8FDC63D33}.Debug|ARM.ActiveCfg = Debug|Any CPU
		{07D1AEA5-7872-4B29-93D6-73F8FDC63D33}.Debug|x64.ActiveCfg = Debug|Any CPU
		{07D1AEA5-7872-4B29-93D6-73F8FDC63D33}.Debug|x86.ActiveCfg = Debug|Any CPU
		{07D1AEA5-7872-4B29-93D6-73F8FDC63D33}.Release|Any CPU.ActiveCfg = Release|Any CPU
		{07D1AEA5-7872-4B29-93D6-73F8FDC63D33}.Release|Any CPU.Build.0 = Release|Any CPU
		{07D1AEA5-7872-4B29-93D6-73F8FDC63D33}.Release|ARM.ActiveCfg = Release|Any CPU
		{07D1AEA5-7872-4B29-93D6-73F8FDC63D33}.Release|x64.ActiveCfg = Release|Any CPU
		{07D1AEA5-7872-4B29-93D6-73F8FDC63D33}.Release|x86.ActiveCfg = Release|Any CPU
		{8BF3F9BB-8EA9-4EEF-BA16-F89FB067E7EF}.Debug|Any CPU.ActiveCfg = Debug|Any CPU
		{8BF3F9BB-8EA9-4EEF-BA16-F89FB067E7EF}.Debug|Any CPU.Build.0 = Debug|Any CPU
		{8BF3F9BB-8EA9-4EEF-BA16-F89FB067E7EF}.Debug|ARM.ActiveCfg = Debug|Any CPU
		{8BF3F9BB-8EA9-4EEF-BA16-F89FB067E7EF}.Debug|x64.ActiveCfg = Debug|Any CPU
		{8BF3F9BB-8EA9-4EEF-BA16-F89FB067E7EF}.Debug|x86.ActiveCfg = Debug|Any CPU
		{8BF3F9BB-8EA9-4EEF-BA16-F89FB067E7EF}.Release|Any CPU.ActiveCfg = Release|Any CPU
		{8BF3F9BB-8EA9-4EEF-BA16-F89FB067E7EF}.Release|Any CPU.Build.0 = Release|Any CPU
		{8BF3F9BB-8EA9-4EEF-BA16-F89FB067E7EF}.Release|ARM.ActiveCfg = Release|Any CPU
		{8BF3F9BB-8EA9-4EEF-BA16-F89FB067E7EF}.Release|x64.ActiveCfg = Release|Any CPU
		{8BF3F9BB-8EA9-4EEF-BA16-F89FB067E7EF}.Release|x86.ActiveCfg = Release|Any CPU
		{B0313A60-81F0-4EB1-B423-8052989DBFC7}.Debug|Any CPU.ActiveCfg = Debug|Any CPU
		{B0313A60-81F0-4EB1-B423-8052989DBFC7}.Debug|Any CPU.Build.0 = Debug|Any CPU
		{B0313A60-81F0-4EB1-B423-8052989DBFC7}.Debug|ARM.ActiveCfg = Debug|Any CPU
		{B0313A60-81F0-4EB1-B423-8052989DBFC7}.Debug|x64.ActiveCfg = Debug|Any CPU
		{B0313A60-81F0-4EB1-B423-8052989DBFC7}.Debug|x86.ActiveCfg = Debug|Any CPU
		{B0313A60-81F0-4EB1-B423-8052989DBFC7}.Release|Any CPU.ActiveCfg = Release|Any CPU
		{B0313A60-81F0-4EB1-B423-8052989DBFC7}.Release|Any CPU.Build.0 = Release|Any CPU
		{B0313A60-81F0-4EB1-B423-8052989DBFC7}.Release|ARM.ActiveCfg = Release|Any CPU
		{B0313A60-81F0-4EB1-B423-8052989DBFC7}.Release|x64.ActiveCfg = Release|Any CPU
		{B0313A60-81F0-4EB1-B423-8052989DBFC7}.Release|x86.ActiveCfg = Release|Any CPU
		{1E5B0839-8910-4BB4-B317-F06AE676DDEE}.Debug|Any CPU.ActiveCfg = Debug|Any CPU
		{1E5B0839-8910-4BB4-B317-F06AE676DDEE}.Debug|Any CPU.Build.0 = Debug|Any CPU
		{1E5B0839-8910-4BB4-B317-F06AE676DDEE}.Debug|ARM.ActiveCfg = Debug|Any CPU
		{1E5B0839-8910-4BB4-B317-F06AE676DDEE}.Debug|x64.ActiveCfg = Debug|Any CPU
		{1E5B0839-8910-4BB4-B317-F06AE676DDEE}.Debug|x86.ActiveCfg = Debug|Any CPU
		{1E5B0839-8910-4BB4-B317-F06AE676DDEE}.Release|Any CPU.ActiveCfg = Release|Any CPU
		{1E5B0839-8910-4BB4-B317-F06AE676DDEE}.Release|Any CPU.Build.0 = Release|Any CPU
		{1E5B0839-8910-4BB4-B317-F06AE676DDEE}.Release|ARM.ActiveCfg = Release|Any CPU
		{1E5B0839-8910-4BB4-B317-F06AE676DDEE}.Release|x64.ActiveCfg = Release|Any CPU
		{1E5B0839-8910-4BB4-B317-F06AE676DDEE}.Release|x86.ActiveCfg = Release|Any CPU
		{3D98618F-04AC-4FA8-9D1D-6603B2565E26}.Debug|Any CPU.ActiveCfg = Debug|Any CPU
		{3D98618F-04AC-4FA8-9D1D-6603B2565E26}.Debug|Any CPU.Build.0 = Debug|Any CPU
		{3D98618F-04AC-4FA8-9D1D-6603B2565E26}.Debug|ARM.ActiveCfg = Debug|Any CPU
		{3D98618F-04AC-4FA8-9D1D-6603B2565E26}.Debug|x64.ActiveCfg = Debug|Any CPU
		{3D98618F-04AC-4FA8-9D1D-6603B2565E26}.Debug|x86.ActiveCfg = Debug|Any CPU
		{3D98618F-04AC-4FA8-9D1D-6603B2565E26}.Release|Any CPU.ActiveCfg = Release|Any CPU
		{3D98618F-04AC-4FA8-9D1D-6603B2565E26}.Release|Any CPU.Build.0 = Release|Any CPU
		{3D98618F-04AC-4FA8-9D1D-6603B2565E26}.Release|ARM.ActiveCfg = Release|Any CPU
		{3D98618F-04AC-4FA8-9D1D-6603B2565E26}.Release|x64.ActiveCfg = Release|Any CPU
		{3D98618F-04AC-4FA8-9D1D-6603B2565E26}.Release|x86.ActiveCfg = Release|Any CPU
		{F50252F1-8B43-4D44-9160-47AD3AB0925D}.Debug|Any CPU.ActiveCfg = Debug|Any CPU
		{F50252F1-8B43-4D44-9160-47AD3AB0925D}.Debug|Any CPU.Build.0 = Debug|Any CPU
		{F50252F1-8B43-4D44-9160-47AD3AB0925D}.Debug|ARM.ActiveCfg = Debug|Any CPU
		{F50252F1-8B43-4D44-9160-47AD3AB0925D}.Debug|x64.ActiveCfg = Debug|Any CPU
		{F50252F1-8B43-4D44-9160-47AD3AB0925D}.Debug|x86.ActiveCfg = Debug|Any CPU
		{F50252F1-8B43-4D44-9160-47AD3AB0925D}.Release|Any CPU.ActiveCfg = Release|Any CPU
		{F50252F1-8B43-4D44-9160-47AD3AB0925D}.Release|Any CPU.Build.0 = Release|Any CPU
		{F50252F1-8B43-4D44-9160-47AD3AB0925D}.Release|ARM.ActiveCfg = Release|Any CPU
		{F50252F1-8B43-4D44-9160-47AD3AB0925D}.Release|x64.ActiveCfg = Release|Any CPU
		{F50252F1-8B43-4D44-9160-47AD3AB0925D}.Release|x86.ActiveCfg = Release|Any CPU
		{D380F335-F678-48D0-940A-2FAC4E6045E8}.Debug|Any CPU.ActiveCfg = Debug|Any CPU
		{D380F335-F678-48D0-940A-2FAC4E6045E8}.Debug|Any CPU.Build.0 = Debug|Any CPU
		{D380F335-F678-48D0-940A-2FAC4E6045E8}.Debug|ARM.ActiveCfg = Debug|Any CPU
		{D380F335-F678-48D0-940A-2FAC4E6045E8}.Debug|x64.ActiveCfg = Debug|Any CPU
		{D380F335-F678-48D0-940A-2FAC4E6045E8}.Debug|x86.ActiveCfg = Debug|Any CPU
		{D380F335-F678-48D0-940A-2FAC4E6045E8}.Release|Any CPU.ActiveCfg = Release|Any CPU
		{D380F335-F678-48D0-940A-2FAC4E6045E8}.Release|Any CPU.Build.0 = Release|Any CPU
		{D380F335-F678-48D0-940A-2FAC4E6045E8}.Release|ARM.ActiveCfg = Release|Any CPU
		{D380F335-F678-48D0-940A-2FAC4E6045E8}.Release|x64.ActiveCfg = Release|Any CPU
		{D380F335-F678-48D0-940A-2FAC4E6045E8}.Release|x86.ActiveCfg = Release|Any CPU
		{DAA00879-C4F6-4B71-808D-F36EC9485E2C}.Debug|Any CPU.ActiveCfg = Debug|Any CPU
		{DAA00879-C4F6-4B71-808D-F36EC9485E2C}.Debug|Any CPU.Build.0 = Debug|Any CPU
		{DAA00879-C4F6-4B71-808D-F36EC9485E2C}.Debug|ARM.ActiveCfg = Debug|Any CPU
		{DAA00879-C4F6-4B71-808D-F36EC9485E2C}.Debug|x64.ActiveCfg = Debug|Any CPU
		{DAA00879-C4F6-4B71-808D-F36EC9485E2C}.Debug|x86.ActiveCfg = Debug|Any CPU
		{DAA00879-C4F6-4B71-808D-F36EC9485E2C}.Release|Any CPU.ActiveCfg = Release|Any CPU
		{DAA00879-C4F6-4B71-808D-F36EC9485E2C}.Release|Any CPU.Build.0 = Release|Any CPU
		{DAA00879-C4F6-4B71-808D-F36EC9485E2C}.Release|ARM.ActiveCfg = Release|Any CPU
		{DAA00879-C4F6-4B71-808D-F36EC9485E2C}.Release|x64.ActiveCfg = Release|Any CPU
		{DAA00879-C4F6-4B71-808D-F36EC9485E2C}.Release|x86.ActiveCfg = Release|Any CPU
		{A5821945-B1F7-4C5E-9B1D-E7373C63F194}.Debug|Any CPU.ActiveCfg = Debug|Any CPU
		{A5821945-B1F7-4C5E-9B1D-E7373C63F194}.Debug|Any CPU.Build.0 = Debug|Any CPU
		{A5821945-B1F7-4C5E-9B1D-E7373C63F194}.Debug|ARM.ActiveCfg = Debug|Any CPU
		{A5821945-B1F7-4C5E-9B1D-E7373C63F194}.Debug|x64.ActiveCfg = Debug|Any CPU
		{A5821945-B1F7-4C5E-9B1D-E7373C63F194}.Debug|x86.ActiveCfg = Debug|Any CPU
		{A5821945-B1F7-4C5E-9B1D-E7373C63F194}.Release|Any CPU.ActiveCfg = Release|Any CPU
		{A5821945-B1F7-4C5E-9B1D-E7373C63F194}.Release|Any CPU.Build.0 = Release|Any CPU
		{A5821945-B1F7-4C5E-9B1D-E7373C63F194}.Release|ARM.ActiveCfg = Release|Any CPU
		{A5821945-B1F7-4C5E-9B1D-E7373C63F194}.Release|x64.ActiveCfg = Release|Any CPU
		{A5821945-B1F7-4C5E-9B1D-E7373C63F194}.Release|x86.ActiveCfg = Release|Any CPU
		{F328E8D2-2265-4B1A-B6CC-8B28E4DE7123}.Debug|Any CPU.ActiveCfg = Debug|Any CPU
		{F328E8D2-2265-4B1A-B6CC-8B28E4DE7123}.Debug|Any CPU.Build.0 = Debug|Any CPU
		{F328E8D2-2265-4B1A-B6CC-8B28E4DE7123}.Debug|ARM.ActiveCfg = Debug|Any CPU
		{F328E8D2-2265-4B1A-B6CC-8B28E4DE7123}.Debug|x64.ActiveCfg = Debug|Any CPU
		{F328E8D2-2265-4B1A-B6CC-8B28E4DE7123}.Debug|x86.ActiveCfg = Debug|Any CPU
		{F328E8D2-2265-4B1A-B6CC-8B28E4DE7123}.Release|Any CPU.ActiveCfg = Release|Any CPU
		{F328E8D2-2265-4B1A-B6CC-8B28E4DE7123}.Release|Any CPU.Build.0 = Release|Any CPU
		{F328E8D2-2265-4B1A-B6CC-8B28E4DE7123}.Release|ARM.ActiveCfg = Release|Any CPU
		{F328E8D2-2265-4B1A-B6CC-8B28E4DE7123}.Release|x64.ActiveCfg = Release|Any CPU
		{F328E8D2-2265-4B1A-B6CC-8B28E4DE7123}.Release|x86.ActiveCfg = Release|Any CPU
		{07ADFCB0-30AA-4A1E-8C2D-0846A03FC831}.Debug|Any CPU.ActiveCfg = Debug|Any CPU
		{07ADFCB0-30AA-4A1E-8C2D-0846A03FC831}.Debug|Any CPU.Build.0 = Debug|Any CPU
		{07ADFCB0-30AA-4A1E-8C2D-0846A03FC831}.Debug|ARM.ActiveCfg = Debug|Any CPU
		{07ADFCB0-30AA-4A1E-8C2D-0846A03FC831}.Debug|x64.ActiveCfg = Debug|Any CPU
		{07ADFCB0-30AA-4A1E-8C2D-0846A03FC831}.Debug|x86.ActiveCfg = Debug|Any CPU
		{07ADFCB0-30AA-4A1E-8C2D-0846A03FC831}.Release|Any CPU.ActiveCfg = Release|Any CPU
		{07ADFCB0-30AA-4A1E-8C2D-0846A03FC831}.Release|Any CPU.Build.0 = Release|Any CPU
		{07ADFCB0-30AA-4A1E-8C2D-0846A03FC831}.Release|ARM.ActiveCfg = Release|Any CPU
		{07ADFCB0-30AA-4A1E-8C2D-0846A03FC831}.Release|x64.ActiveCfg = Release|Any CPU
		{07ADFCB0-30AA-4A1E-8C2D-0846A03FC831}.Release|x86.ActiveCfg = Release|Any CPU
		{0E0F9D86-07C7-4A15-BB34-6AA868FE2DE5}.Debug|Any CPU.ActiveCfg = Debug|Any CPU
		{0E0F9D86-07C7-4A15-BB34-6AA868FE2DE5}.Debug|Any CPU.Build.0 = Debug|Any CPU
		{0E0F9D86-07C7-4A15-BB34-6AA868FE2DE5}.Debug|ARM.ActiveCfg = Debug|Any CPU
		{0E0F9D86-07C7-4A15-BB34-6AA868FE2DE5}.Debug|x64.ActiveCfg = Debug|Any CPU
		{0E0F9D86-07C7-4A15-BB34-6AA868FE2DE5}.Debug|x86.ActiveCfg = Debug|Any CPU
		{0E0F9D86-07C7-4A15-BB34-6AA868FE2DE5}.Release|Any CPU.ActiveCfg = Release|Any CPU
		{0E0F9D86-07C7-4A15-BB34-6AA868FE2DE5}.Release|Any CPU.Build.0 = Release|Any CPU
		{0E0F9D86-07C7-4A15-BB34-6AA868FE2DE5}.Release|ARM.ActiveCfg = Release|Any CPU
		{0E0F9D86-07C7-4A15-BB34-6AA868FE2DE5}.Release|x64.ActiveCfg = Release|Any CPU
		{0E0F9D86-07C7-4A15-BB34-6AA868FE2DE5}.Release|x86.ActiveCfg = Release|Any CPU
		{C8806BC4-DF4E-455E-AEFF-C2DEEF16F1F4}.Debug|Any CPU.ActiveCfg = Debug|Any CPU
		{C8806BC4-DF4E-455E-AEFF-C2DEEF16F1F4}.Debug|Any CPU.Build.0 = Debug|Any CPU
		{C8806BC4-DF4E-455E-AEFF-C2DEEF16F1F4}.Debug|ARM.ActiveCfg = Debug|Any CPU
		{C8806BC4-DF4E-455E-AEFF-C2DEEF16F1F4}.Debug|x64.ActiveCfg = Debug|Any CPU
		{C8806BC4-DF4E-455E-AEFF-C2DEEF16F1F4}.Debug|x86.ActiveCfg = Debug|Any CPU
		{C8806BC4-DF4E-455E-AEFF-C2DEEF16F1F4}.Release|Any CPU.ActiveCfg = Release|Any CPU
		{C8806BC4-DF4E-455E-AEFF-C2DEEF16F1F4}.Release|Any CPU.Build.0 = Release|Any CPU
		{C8806BC4-DF4E-455E-AEFF-C2DEEF16F1F4}.Release|ARM.ActiveCfg = Release|Any CPU
		{C8806BC4-DF4E-455E-AEFF-C2DEEF16F1F4}.Release|x64.ActiveCfg = Release|Any CPU
		{C8806BC4-DF4E-455E-AEFF-C2DEEF16F1F4}.Release|x86.ActiveCfg = Release|Any CPU
		{EB68A84F-264C-4DC4-9F8E-3D1B6B0E203A}.Debug|Any CPU.ActiveCfg = Debug|Any CPU
		{EB68A84F-264C-4DC4-9F8E-3D1B6B0E203A}.Debug|Any CPU.Build.0 = Debug|Any CPU
		{EB68A84F-264C-4DC4-9F8E-3D1B6B0E203A}.Debug|ARM.ActiveCfg = Debug|Any CPU
		{EB68A84F-264C-4DC4-9F8E-3D1B6B0E203A}.Debug|x64.ActiveCfg = Debug|Any CPU
		{EB68A84F-264C-4DC4-9F8E-3D1B6B0E203A}.Debug|x86.ActiveCfg = Debug|Any CPU
		{EB68A84F-264C-4DC4-9F8E-3D1B6B0E203A}.Release|Any CPU.ActiveCfg = Release|Any CPU
		{EB68A84F-264C-4DC4-9F8E-3D1B6B0E203A}.Release|Any CPU.Build.0 = Release|Any CPU
		{EB68A84F-264C-4DC4-9F8E-3D1B6B0E203A}.Release|ARM.ActiveCfg = Release|Any CPU
		{EB68A84F-264C-4DC4-9F8E-3D1B6B0E203A}.Release|x64.ActiveCfg = Release|Any CPU
		{EB68A84F-264C-4DC4-9F8E-3D1B6B0E203A}.Release|x86.ActiveCfg = Release|Any CPU
		{44850D06-559A-402F-885C-B04EF856BABA}.Debug|Any CPU.ActiveCfg = Debug|Any CPU
		{44850D06-559A-402F-885C-B04EF856BABA}.Debug|Any CPU.Build.0 = Debug|Any CPU
		{44850D06-559A-402F-885C-B04EF856BABA}.Debug|ARM.ActiveCfg = Debug|Any CPU
		{44850D06-559A-402F-885C-B04EF856BABA}.Debug|x64.ActiveCfg = Debug|Any CPU
		{44850D06-559A-402F-885C-B04EF856BABA}.Debug|x86.ActiveCfg = Debug|Any CPU
		{44850D06-559A-402F-885C-B04EF856BABA}.Release|Any CPU.ActiveCfg = Release|Any CPU
		{44850D06-559A-402F-885C-B04EF856BABA}.Release|Any CPU.Build.0 = Release|Any CPU
		{44850D06-559A-402F-885C-B04EF856BABA}.Release|ARM.ActiveCfg = Release|Any CPU
		{44850D06-559A-402F-885C-B04EF856BABA}.Release|x64.ActiveCfg = Release|Any CPU
		{44850D06-559A-402F-885C-B04EF856BABA}.Release|x86.ActiveCfg = Release|Any CPU
		{AC6BBEA9-C8D5-460C-9D68-473504E2DA18}.Debug|Any CPU.ActiveCfg = Debug|Any CPU
		{AC6BBEA9-C8D5-460C-9D68-473504E2DA18}.Debug|Any CPU.Build.0 = Debug|Any CPU
		{AC6BBEA9-C8D5-460C-9D68-473504E2DA18}.Debug|ARM.ActiveCfg = Debug|Any CPU
		{AC6BBEA9-C8D5-460C-9D68-473504E2DA18}.Debug|x64.ActiveCfg = Debug|Any CPU
		{AC6BBEA9-C8D5-460C-9D68-473504E2DA18}.Debug|x86.ActiveCfg = Debug|Any CPU
		{AC6BBEA9-C8D5-460C-9D68-473504E2DA18}.Release|Any CPU.ActiveCfg = Release|Any CPU
		{AC6BBEA9-C8D5-460C-9D68-473504E2DA18}.Release|Any CPU.Build.0 = Release|Any CPU
		{AC6BBEA9-C8D5-460C-9D68-473504E2DA18}.Release|ARM.ActiveCfg = Release|Any CPU
		{AC6BBEA9-C8D5-460C-9D68-473504E2DA18}.Release|x64.ActiveCfg = Release|Any CPU
		{AC6BBEA9-C8D5-460C-9D68-473504E2DA18}.Release|x86.ActiveCfg = Release|Any CPU
		{12218963-A89F-4BD3-9B33-BCE2BE445258}.Debug|Any CPU.ActiveCfg = Debug|Any CPU
		{12218963-A89F-4BD3-9B33-BCE2BE445258}.Debug|Any CPU.Build.0 = Debug|Any CPU
		{12218963-A89F-4BD3-9B33-BCE2BE445258}.Debug|ARM.ActiveCfg = Debug|Any CPU
		{12218963-A89F-4BD3-9B33-BCE2BE445258}.Debug|x64.ActiveCfg = Debug|Any CPU
		{12218963-A89F-4BD3-9B33-BCE2BE445258}.Debug|x86.ActiveCfg = Debug|Any CPU
		{12218963-A89F-4BD3-9B33-BCE2BE445258}.Release|Any CPU.ActiveCfg = Release|Any CPU
		{12218963-A89F-4BD3-9B33-BCE2BE445258}.Release|Any CPU.Build.0 = Release|Any CPU
		{12218963-A89F-4BD3-9B33-BCE2BE445258}.Release|ARM.ActiveCfg = Release|Any CPU
		{12218963-A89F-4BD3-9B33-BCE2BE445258}.Release|x64.ActiveCfg = Release|Any CPU
		{12218963-A89F-4BD3-9B33-BCE2BE445258}.Release|x86.ActiveCfg = Release|Any CPU
		{5CFDE7E3-A01F-4879-A851-898794623C27}.Debug|Any CPU.ActiveCfg = Debug|Any CPU
		{5CFDE7E3-A01F-4879-A851-898794623C27}.Debug|Any CPU.Build.0 = Debug|Any CPU
		{5CFDE7E3-A01F-4879-A851-898794623C27}.Debug|ARM.ActiveCfg = Debug|Any CPU
		{5CFDE7E3-A01F-4879-A851-898794623C27}.Debug|x64.ActiveCfg = Debug|Any CPU
		{5CFDE7E3-A01F-4879-A851-898794623C27}.Debug|x86.ActiveCfg = Debug|Any CPU
		{5CFDE7E3-A01F-4879-A851-898794623C27}.Release|Any CPU.ActiveCfg = Release|Any CPU
		{5CFDE7E3-A01F-4879-A851-898794623C27}.Release|Any CPU.Build.0 = Release|Any CPU
		{5CFDE7E3-A01F-4879-A851-898794623C27}.Release|ARM.ActiveCfg = Release|Any CPU
		{5CFDE7E3-A01F-4879-A851-898794623C27}.Release|x64.ActiveCfg = Release|Any CPU
		{5CFDE7E3-A01F-4879-A851-898794623C27}.Release|x86.ActiveCfg = Release|Any CPU
		{AB57DCC1-0C9A-4B2D-8909-9899034EB768}.Debug|Any CPU.ActiveCfg = Debug|Any CPU
		{AB57DCC1-0C9A-4B2D-8909-9899034EB768}.Debug|Any CPU.Build.0 = Debug|Any CPU
		{AB57DCC1-0C9A-4B2D-8909-9899034EB768}.Debug|ARM.ActiveCfg = Debug|Any CPU
		{AB57DCC1-0C9A-4B2D-8909-9899034EB768}.Debug|x64.ActiveCfg = Debug|Any CPU
		{AB57DCC1-0C9A-4B2D-8909-9899034EB768}.Debug|x86.ActiveCfg = Debug|Any CPU
		{AB57DCC1-0C9A-4B2D-8909-9899034EB768}.Release|Any CPU.ActiveCfg = Release|Any CPU
		{AB57DCC1-0C9A-4B2D-8909-9899034EB768}.Release|Any CPU.Build.0 = Release|Any CPU
		{AB57DCC1-0C9A-4B2D-8909-9899034EB768}.Release|ARM.ActiveCfg = Release|Any CPU
		{AB57DCC1-0C9A-4B2D-8909-9899034EB768}.Release|x64.ActiveCfg = Release|Any CPU
		{AB57DCC1-0C9A-4B2D-8909-9899034EB768}.Release|x86.ActiveCfg = Release|Any CPU
		{A2F35430-0FDB-4DC1-A677-38F860925968}.Debug|Any CPU.ActiveCfg = Debug|Any CPU
		{A2F35430-0FDB-4DC1-A677-38F860925968}.Debug|Any CPU.Build.0 = Debug|Any CPU
		{A2F35430-0FDB-4DC1-A677-38F860925968}.Debug|ARM.ActiveCfg = Debug|Any CPU
		{A2F35430-0FDB-4DC1-A677-38F860925968}.Debug|x64.ActiveCfg = Debug|Any CPU
		{A2F35430-0FDB-4DC1-A677-38F860925968}.Debug|x86.ActiveCfg = Debug|Any CPU
		{A2F35430-0FDB-4DC1-A677-38F860925968}.Release|Any CPU.ActiveCfg = Release|Any CPU
		{A2F35430-0FDB-4DC1-A677-38F860925968}.Release|Any CPU.Build.0 = Release|Any CPU
		{A2F35430-0FDB-4DC1-A677-38F860925968}.Release|ARM.ActiveCfg = Release|Any CPU
		{A2F35430-0FDB-4DC1-A677-38F860925968}.Release|x64.ActiveCfg = Release|Any CPU
		{A2F35430-0FDB-4DC1-A677-38F860925968}.Release|x86.ActiveCfg = Release|Any CPU
		{6E88C44D-363D-47FE-A482-DAE929900E97}.Debug|Any CPU.ActiveCfg = Debug|Any CPU
		{6E88C44D-363D-47FE-A482-DAE929900E97}.Debug|Any CPU.Build.0 = Debug|Any CPU
		{6E88C44D-363D-47FE-A482-DAE929900E97}.Debug|ARM.ActiveCfg = Debug|Any CPU
		{6E88C44D-363D-47FE-A482-DAE929900E97}.Debug|x64.ActiveCfg = Debug|Any CPU
		{6E88C44D-363D-47FE-A482-DAE929900E97}.Debug|x86.ActiveCfg = Debug|Any CPU
		{6E88C44D-363D-47FE-A482-DAE929900E97}.Release|Any CPU.ActiveCfg = Release|Any CPU
		{6E88C44D-363D-47FE-A482-DAE929900E97}.Release|Any CPU.Build.0 = Release|Any CPU
		{6E88C44D-363D-47FE-A482-DAE929900E97}.Release|ARM.ActiveCfg = Release|Any CPU
		{6E88C44D-363D-47FE-A482-DAE929900E97}.Release|x64.ActiveCfg = Release|Any CPU
		{6E88C44D-363D-47FE-A482-DAE929900E97}.Release|x86.ActiveCfg = Release|Any CPU
	EndGlobalSection
	GlobalSection(SolutionProperties) = preSolution
		HideSolutionNode = FALSE
	EndGlobalSection
	GlobalSection(NestedProjects) = preSolution
		{5DC2F9DC-EAAD-425E-853A-5CDEB054F55F} = {045DCFB0-2ABE-4788-8C46-1A97E1CA2ED3}
		{E807B758-858C-4F1A-A6B1-1FE220426450} = {FAF98A45-19B8-4157-A4A6-62597B13D1AB}
		{62864846-7447-4600-B704-91831B872E3F} = {FAF98A45-19B8-4157-A4A6-62597B13D1AB}
		{07D1AEA5-7872-4B29-93D6-73F8FDC63D33} = {045DCFB0-2ABE-4788-8C46-1A97E1CA2ED3}
		{8BF3F9BB-8EA9-4EEF-BA16-F89FB067E7EF} = {045DCFB0-2ABE-4788-8C46-1A97E1CA2ED3}
		{B0313A60-81F0-4EB1-B423-8052989DBFC7} = {045DCFB0-2ABE-4788-8C46-1A97E1CA2ED3}
		{1E5B0839-8910-4BB4-B317-F06AE676DDEE} = {07A73179-EBAC-4875-9A3A-9244B587123F}
		{3D98618F-04AC-4FA8-9D1D-6603B2565E26} = {B8ECC065-C584-4589-9810-EA51C0058209}
		{F50252F1-8B43-4D44-9160-47AD3AB0925D} = {2D6FCBBF-09B6-42E3-BCC5-97DD09B76649}
		{D380F335-F678-48D0-940A-2FAC4E6045E8} = {2D6FCBBF-09B6-42E3-BCC5-97DD09B76649}
		{DAA00879-C4F6-4B71-808D-F36EC9485E2C} = {07A73179-EBAC-4875-9A3A-9244B587123F}
		{A5821945-B1F7-4C5E-9B1D-E7373C63F194} = {1CFA3036-BF91-439C-8D00-C3CD78E3602A}
		{F328E8D2-2265-4B1A-B6CC-8B28E4DE7123} = {045DCFB0-2ABE-4788-8C46-1A97E1CA2ED3}
		{07ADFCB0-30AA-4A1E-8C2D-0846A03FC831} = {045DCFB0-2ABE-4788-8C46-1A97E1CA2ED3}
		{0E0F9D86-07C7-4A15-BB34-6AA868FE2DE5} = {045DCFB0-2ABE-4788-8C46-1A97E1CA2ED3}
		{C8806BC4-DF4E-455E-AEFF-C2DEEF16F1F4} = {B8ECC065-C584-4589-9810-EA51C0058209}
		{EB68A84F-264C-4DC4-9F8E-3D1B6B0E203A} = {2D6FCBBF-09B6-42E3-BCC5-97DD09B76649}
		{44850D06-559A-402F-885C-B04EF856BABA} = {2D6FCBBF-09B6-42E3-BCC5-97DD09B76649}
		{AC6BBEA9-C8D5-460C-9D68-473504E2DA18} = {2D6FCBBF-09B6-42E3-BCC5-97DD09B76649}
		{12218963-A89F-4BD3-9B33-BCE2BE445258} = {2D6FCBBF-09B6-42E3-BCC5-97DD09B76649}
		{5CFDE7E3-A01F-4879-A851-898794623C27} = {2D6FCBBF-09B6-42E3-BCC5-97DD09B76649}
		{AB57DCC1-0C9A-4B2D-8909-9899034EB768} = {2D6FCBBF-09B6-42E3-BCC5-97DD09B76649}
		{A2F35430-0FDB-4DC1-A677-38F860925968} = {2D6FCBBF-09B6-42E3-BCC5-97DD09B76649}
		{6E88C44D-363D-47FE-A482-DAE929900E97} = {2D6FCBBF-09B6-42E3-BCC5-97DD09B76649}
	EndGlobalSection
EndGlobal
