
Microsoft Visual Studio Solution File, Format Version 12.00
# Visual Studio 2013
VisualStudioVersion = 12.0.30723.0
MinimumVisualStudioVersion = 10.0.40219.1
Project("{2150E333-8FDC-42A3-9474-1A3956D46DE8}") = "Business", "Business", "{07A73179-EBAC-4875-9A3A-9244B587123F}"
EndProject
Project("{2150E333-8FDC-42A3-9474-1A3956D46DE8}") = "Presentation", "Presentation", "{2D6FCBBF-09B6-42E3-BCC5-97DD09B76649}"
EndProject
Project("{FAE04EC0-301F-11D3-BF4B-00C04F79EFBC}") = "Jobs.Test", "Jobs.Test\Jobs.Test.csproj", "{CBAF769F-E9A6-49D9-AD74-07DA5822BCB1}"
EndProject
Project("{FAE04EC0-301F-11D3-BF4B-00C04F79EFBC}") = "ConsoleApplication", "ConsoleApplication\ConsoleApplication.csproj", "{525CD1E6-1EC4-4569-B3B0-501C9E466396}"
EndProject
Project("{FAE04EC0-301F-11D3-BF4B-00C04F79EFBC}") = "ConsoleApplication.Test", "ConsoleApplication.Test\ConsoleApplication.Test.csproj", "{C2358C74-DD95-4CD0-969C-C98B99FF35F9}"
EndProject
Project("{FAE04EC0-301F-11D3-BF4B-00C04F79EFBC}") = "Jobs", "Jobs\Jobs.csproj", "{65A6B79F-C870-4C77-BBDB-29F4ED083187}"
EndProject
Project("{FAE04EC0-301F-11D3-BF4B-00C04F79EFBC}") = "WebClientExtension", "WebClientExtension\WebClientExtension.csproj", "{2937D847-4423-48B6-8E04-E7837C4DD94E}"
EndProject
Project("{FAE04EC0-301F-11D3-BF4B-00C04F79EFBC}") = "WebClientExtension.Test", "WebClientExtension.Test\WebClientExtension.Test.csproj", "{1711C167-D8F8-4D26-8CA4-BA6CC5E09450}"
EndProject
Project("{2150E333-8FDC-42A3-9474-1A3956D46DE8}") = "Common", "Common", "{B8ECC065-C584-4589-9810-EA51C0058209}"
EndProject
Project("{FAE04EC0-301F-11D3-BF4B-00C04F79EFBC}") = "GlobalVariable", "GlobalVariable\GlobalVariable.csproj", "{1C3FB343-DEBB-4F9A-89EB-16A9B441CA59}"
EndProject
Project("{2150E333-8FDC-42A3-9474-1A3956D46DE8}") = "Architecture", "Architecture", "{DDBD6D5F-55A8-44F3-953E-EB4090B008DB}"
EndProject
Project("{2150E333-8FDC-42A3-9474-1A3956D46DE8}") = "Tools", "Tools", "{7A4BD3E1-9DEF-408E-86CE-E240A8137B0E}"
EndProject
Project("{F088123C-0E9E-452A-89E6-6BA2F21D5CAC}") = "Architecture", "Architecture\Architecture.modelproj", "{0CDF459F-BE1A-4A6B-B202-D385BEED5769}"
EndProject
Project("{FAE04EC0-301F-11D3-BF4B-00C04F79EFBC}") = "FormsApplication", "FormsApplication\FormsApplication.csproj", "{F96BE802-2894-4F07-81A9-BC851DE3C884}"
EndProject
Project("{2150E333-8FDC-42A3-9474-1A3956D46DE8}") = "Presentation.Test", "Presentation.Test", "{458F3987-5EEC-464E-9D95-D7D6786B43FF}"
EndProject
Project("{2150E333-8FDC-42A3-9474-1A3956D46DE8}") = "Model", "Model", "{FAF98A45-19B8-4157-A4A6-62597B13D1AB}"
EndProject
Project("{2150E333-8FDC-42A3-9474-1A3956D46DE8}") = "Model.Test", "Model.Test", "{75D0AAAF-8E8C-4226-BA3B-721A49B60719}"
EndProject
Project("{2150E333-8FDC-42A3-9474-1A3956D46DE8}") = "Data", "Data", "{045DCFB0-2ABE-4788-8C46-1A97E1CA2ED3}"
EndProject
Project("{00D1A9C2-B5F0-4AF3-8072-F6C62B433612}") = "Cluster", "Cluster\Cluster.sqlproj", "{46A995A5-AEBA-4262-9624-085A1F78C58A}"
EndProject
Project("{FAE04EC0-301F-11D3-BF4B-00C04F79EFBC}") = "JobMine", "Business.JobMine\JobMine.csproj", "{F5955F0E-9CF7-4AD9-810C-056969EB6541}"
	ProjectSection(ProjectDependencies) = postProject
		{1C3FB343-DEBB-4F9A-89EB-16A9B441CA59} = {1C3FB343-DEBB-4F9A-89EB-16A9B441CA59}
		{2937D847-4423-48B6-8E04-E7837C4DD94E} = {2937D847-4423-48B6-8E04-E7837C4DD94E}
		{65A6B79F-C870-4C77-BBDB-29F4ED083187} = {65A6B79F-C870-4C77-BBDB-29F4ED083187}
		{46A995A5-AEBA-4262-9624-085A1F78C58A} = {46A995A5-AEBA-4262-9624-085A1F78C58A}
	EndProjectSection
EndProject
Project("{FAE04EC0-301F-11D3-BF4B-00C04F79EFBC}") = "JobMine.Test", "JobMine.Test\JobMine.Test.csproj", "{F60C5CD5-D0EB-4D11-B651-B9DBE9D2079C}"
EndProject
Global
	GlobalSection(SolutionConfigurationPlatforms) = preSolution
		Debug|Any CPU = Debug|Any CPU
		Debug|ARM = Debug|ARM
		Debug|x64 = Debug|x64
		Debug|x86 = Debug|x86
		Release|Any CPU = Release|Any CPU
		Release|ARM = Release|ARM
		Release|x64 = Release|x64
		Release|x86 = Release|x86
	EndGlobalSection
	GlobalSection(ProjectConfigurationPlatforms) = postSolution
		{CBAF769F-E9A6-49D9-AD74-07DA5822BCB1}.Debug|Any CPU.ActiveCfg = Debug|Any CPU
		{CBAF769F-E9A6-49D9-AD74-07DA5822BCB1}.Debug|Any CPU.Build.0 = Debug|Any CPU
		{CBAF769F-E9A6-49D9-AD74-07DA5822BCB1}.Debug|ARM.ActiveCfg = Debug|Any CPU
		{CBAF769F-E9A6-49D9-AD74-07DA5822BCB1}.Debug|x64.ActiveCfg = Debug|Any CPU
		{CBAF769F-E9A6-49D9-AD74-07DA5822BCB1}.Debug|x86.ActiveCfg = Debug|Any CPU
		{CBAF769F-E9A6-49D9-AD74-07DA5822BCB1}.Release|Any CPU.ActiveCfg = Release|Any CPU
		{CBAF769F-E9A6-49D9-AD74-07DA5822BCB1}.Release|Any CPU.Build.0 = Release|Any CPU
		{CBAF769F-E9A6-49D9-AD74-07DA5822BCB1}.Release|ARM.ActiveCfg = Release|Any CPU
		{CBAF769F-E9A6-49D9-AD74-07DA5822BCB1}.Release|x64.ActiveCfg = Release|Any CPU
		{CBAF769F-E9A6-49D9-AD74-07DA5822BCB1}.Release|x86.ActiveCfg = Release|Any CPU
		{525CD1E6-1EC4-4569-B3B0-501C9E466396}.Debug|Any CPU.ActiveCfg = Debug|Any CPU
		{525CD1E6-1EC4-4569-B3B0-501C9E466396}.Debug|Any CPU.Build.0 = Debug|Any CPU
		{525CD1E6-1EC4-4569-B3B0-501C9E466396}.Debug|ARM.ActiveCfg = Debug|Any CPU
		{525CD1E6-1EC4-4569-B3B0-501C9E466396}.Debug|x64.ActiveCfg = Debug|Any CPU
		{525CD1E6-1EC4-4569-B3B0-501C9E466396}.Debug|x86.ActiveCfg = Debug|Any CPU
		{525CD1E6-1EC4-4569-B3B0-501C9E466396}.Release|Any CPU.ActiveCfg = Release|Any CPU
		{525CD1E6-1EC4-4569-B3B0-501C9E466396}.Release|Any CPU.Build.0 = Release|Any CPU
		{525CD1E6-1EC4-4569-B3B0-501C9E466396}.Release|ARM.ActiveCfg = Release|Any CPU
		{525CD1E6-1EC4-4569-B3B0-501C9E466396}.Release|x64.ActiveCfg = Release|Any CPU
		{525CD1E6-1EC4-4569-B3B0-501C9E466396}.Release|x86.ActiveCfg = Release|Any CPU
		{C2358C74-DD95-4CD0-969C-C98B99FF35F9}.Debug|Any CPU.ActiveCfg = Debug|Any CPU
		{C2358C74-DD95-4CD0-969C-C98B99FF35F9}.Debug|Any CPU.Build.0 = Debug|Any CPU
		{C2358C74-DD95-4CD0-969C-C98B99FF35F9}.Debug|ARM.ActiveCfg = Debug|Any CPU
		{C2358C74-DD95-4CD0-969C-C98B99FF35F9}.Debug|x64.ActiveCfg = Debug|Any CPU
		{C2358C74-DD95-4CD0-969C-C98B99FF35F9}.Debug|x86.ActiveCfg = Debug|Any CPU
		{C2358C74-DD95-4CD0-969C-C98B99FF35F9}.Release|Any CPU.ActiveCfg = Release|Any CPU
		{C2358C74-DD95-4CD0-969C-C98B99FF35F9}.Release|Any CPU.Build.0 = Release|Any CPU
		{C2358C74-DD95-4CD0-969C-C98B99FF35F9}.Release|ARM.ActiveCfg = Release|Any CPU
		{C2358C74-DD95-4CD0-969C-C98B99FF35F9}.Release|x64.ActiveCfg = Release|Any CPU
		{C2358C74-DD95-4CD0-969C-C98B99FF35F9}.Release|x86.ActiveCfg = Release|Any CPU
		{65A6B79F-C870-4C77-BBDB-29F4ED083187}.Debug|Any CPU.ActiveCfg = Debug|Any CPU
		{65A6B79F-C870-4C77-BBDB-29F4ED083187}.Debug|Any CPU.Build.0 = Debug|Any CPU
		{65A6B79F-C870-4C77-BBDB-29F4ED083187}.Debug|ARM.ActiveCfg = Debug|Any CPU
		{65A6B79F-C870-4C77-BBDB-29F4ED083187}.Debug|x64.ActiveCfg = Debug|Any CPU
		{65A6B79F-C870-4C77-BBDB-29F4ED083187}.Debug|x86.ActiveCfg = Debug|Any CPU
		{65A6B79F-C870-4C77-BBDB-29F4ED083187}.Release|Any CPU.ActiveCfg = Release|Any CPU
		{65A6B79F-C870-4C77-BBDB-29F4ED083187}.Release|Any CPU.Build.0 = Release|Any CPU
		{65A6B79F-C870-4C77-BBDB-29F4ED083187}.Release|ARM.ActiveCfg = Release|Any CPU
		{65A6B79F-C870-4C77-BBDB-29F4ED083187}.Release|x64.ActiveCfg = Release|Any CPU
		{65A6B79F-C870-4C77-BBDB-29F4ED083187}.Release|x86.ActiveCfg = Release|Any CPU
		{2937D847-4423-48B6-8E04-E7837C4DD94E}.Debug|Any CPU.ActiveCfg = Debug|Any CPU
		{2937D847-4423-48B6-8E04-E7837C4DD94E}.Debug|Any CPU.Build.0 = Debug|Any CPU
		{2937D847-4423-48B6-8E04-E7837C4DD94E}.Debug|ARM.ActiveCfg = Debug|Any CPU
		{2937D847-4423-48B6-8E04-E7837C4DD94E}.Debug|x64.ActiveCfg = Debug|Any CPU
		{2937D847-4423-48B6-8E04-E7837C4DD94E}.Debug|x86.ActiveCfg = Debug|Any CPU
		{2937D847-4423-48B6-8E04-E7837C4DD94E}.Release|Any CPU.ActiveCfg = Release|Any CPU
		{2937D847-4423-48B6-8E04-E7837C4DD94E}.Release|Any CPU.Build.0 = Release|Any CPU
		{2937D847-4423-48B6-8E04-E7837C4DD94E}.Release|ARM.ActiveCfg = Release|Any CPU
		{2937D847-4423-48B6-8E04-E7837C4DD94E}.Release|x64.ActiveCfg = Release|Any CPU
		{2937D847-4423-48B6-8E04-E7837C4DD94E}.Release|x86.ActiveCfg = Release|Any CPU
		{1711C167-D8F8-4D26-8CA4-BA6CC5E09450}.Debug|Any CPU.ActiveCfg = Debug|Any CPU
		{1711C167-D8F8-4D26-8CA4-BA6CC5E09450}.Debug|Any CPU.Build.0 = Debug|Any CPU
		{1711C167-D8F8-4D26-8CA4-BA6CC5E09450}.Debug|ARM.ActiveCfg = Debug|Any CPU
		{1711C167-D8F8-4D26-8CA4-BA6CC5E09450}.Debug|x64.ActiveCfg = Debug|Any CPU
		{1711C167-D8F8-4D26-8CA4-BA6CC5E09450}.Debug|x86.ActiveCfg = Debug|Any CPU
		{1711C167-D8F8-4D26-8CA4-BA6CC5E09450}.Release|Any CPU.ActiveCfg = Release|Any CPU
		{1711C167-D8F8-4D26-8CA4-BA6CC5E09450}.Release|Any CPU.Build.0 = Release|Any CPU
		{1711C167-D8F8-4D26-8CA4-BA6CC5E09450}.Release|ARM.ActiveCfg = Release|Any CPU
		{1711C167-D8F8-4D26-8CA4-BA6CC5E09450}.Release|x64.ActiveCfg = Release|Any CPU
		{1711C167-D8F8-4D26-8CA4-BA6CC5E09450}.Release|x86.ActiveCfg = Release|Any CPU
		{1C3FB343-DEBB-4F9A-89EB-16A9B441CA59}.Debug|Any CPU.ActiveCfg = Debug|Any CPU
		{1C3FB343-DEBB-4F9A-89EB-16A9B441CA59}.Debug|Any CPU.Build.0 = Debug|Any CPU
		{1C3FB343-DEBB-4F9A-89EB-16A9B441CA59}.Debug|ARM.ActiveCfg = Debug|Any CPU
		{1C3FB343-DEBB-4F9A-89EB-16A9B441CA59}.Debug|x64.ActiveCfg = Debug|Any CPU
		{1C3FB343-DEBB-4F9A-89EB-16A9B441CA59}.Debug|x86.ActiveCfg = Debug|Any CPU
		{1C3FB343-DEBB-4F9A-89EB-16A9B441CA59}.Release|Any CPU.ActiveCfg = Release|Any CPU
		{1C3FB343-DEBB-4F9A-89EB-16A9B441CA59}.Release|Any CPU.Build.0 = Release|Any CPU
		{1C3FB343-DEBB-4F9A-89EB-16A9B441CA59}.Release|ARM.ActiveCfg = Release|Any CPU
		{1C3FB343-DEBB-4F9A-89EB-16A9B441CA59}.Release|x64.ActiveCfg = Release|Any CPU
		{1C3FB343-DEBB-4F9A-89EB-16A9B441CA59}.Release|x86.ActiveCfg = Release|Any CPU
		{0CDF459F-BE1A-4A6B-B202-D385BEED5769}.Debug|Any CPU.ActiveCfg = Debug|Any CPU
		{0CDF459F-BE1A-4A6B-B202-D385BEED5769}.Debug|Any CPU.Build.0 = Debug|Any CPU
		{0CDF459F-BE1A-4A6B-B202-D385BEED5769}.Debug|ARM.ActiveCfg = Debug|Any CPU
		{0CDF459F-BE1A-4A6B-B202-D385BEED5769}.Debug|x64.ActiveCfg = Debug|Any CPU
		{0CDF459F-BE1A-4A6B-B202-D385BEED5769}.Debug|x86.ActiveCfg = Debug|Any CPU
		{0CDF459F-BE1A-4A6B-B202-D385BEED5769}.Release|Any CPU.ActiveCfg = Release|Any CPU
		{0CDF459F-BE1A-4A6B-B202-D385BEED5769}.Release|Any CPU.Build.0 = Release|Any CPU
		{0CDF459F-BE1A-4A6B-B202-D385BEED5769}.Release|ARM.ActiveCfg = Release|Any CPU
		{0CDF459F-BE1A-4A6B-B202-D385BEED5769}.Release|x64.ActiveCfg = Release|Any CPU
		{0CDF459F-BE1A-4A6B-B202-D385BEED5769}.Release|x86.ActiveCfg = Release|Any CPU
		{F96BE802-2894-4F07-81A9-BC851DE3C884}.Debug|Any CPU.ActiveCfg = Debug|Any CPU
		{F96BE802-2894-4F07-81A9-BC851DE3C884}.Debug|Any CPU.Build.0 = Debug|Any CPU
		{F96BE802-2894-4F07-81A9-BC851DE3C884}.Debug|ARM.ActiveCfg = Debug|Any CPU
		{F96BE802-2894-4F07-81A9-BC851DE3C884}.Debug|x64.ActiveCfg = Debug|Any CPU
		{F96BE802-2894-4F07-81A9-BC851DE3C884}.Debug|x86.ActiveCfg = Debug|Any CPU
		{F96BE802-2894-4F07-81A9-BC851DE3C884}.Release|Any CPU.ActiveCfg = Release|Any CPU
		{F96BE802-2894-4F07-81A9-BC851DE3C884}.Release|Any CPU.Build.0 = Release|Any CPU
		{F96BE802-2894-4F07-81A9-BC851DE3C884}.Release|ARM.ActiveCfg = Release|Any CPU
		{F96BE802-2894-4F07-81A9-BC851DE3C884}.Release|x64.ActiveCfg = Release|Any CPU
		{F96BE802-2894-4F07-81A9-BC851DE3C884}.Release|x86.ActiveCfg = Release|Any CPU
		{46A995A5-AEBA-4262-9624-085A1F78C58A}.Debug|Any CPU.ActiveCfg = Debug|Any CPU
		{46A995A5-AEBA-4262-9624-085A1F78C58A}.Debug|Any CPU.Build.0 = Debug|Any CPU
		{46A995A5-AEBA-4262-9624-085A1F78C58A}.Debug|Any CPU.Deploy.0 = Debug|Any CPU
		{46A995A5-AEBA-4262-9624-085A1F78C58A}.Debug|ARM.ActiveCfg = Debug|Any CPU
		{46A995A5-AEBA-4262-9624-085A1F78C58A}.Debug|x64.ActiveCfg = Debug|Any CPU
		{46A995A5-AEBA-4262-9624-085A1F78C58A}.Debug|x86.ActiveCfg = Debug|Any CPU
		{46A995A5-AEBA-4262-9624-085A1F78C58A}.Release|Any CPU.ActiveCfg = Release|Any CPU
		{46A995A5-AEBA-4262-9624-085A1F78C58A}.Release|Any CPU.Build.0 = Release|Any CPU
		{46A995A5-AEBA-4262-9624-085A1F78C58A}.Release|Any CPU.Deploy.0 = Release|Any CPU
		{46A995A5-AEBA-4262-9624-085A1F78C58A}.Release|ARM.ActiveCfg = Release|Any CPU
		{46A995A5-AEBA-4262-9624-085A1F78C58A}.Release|x64.ActiveCfg = Release|Any CPU
		{46A995A5-AEBA-4262-9624-085A1F78C58A}.Release|x86.ActiveCfg = Release|Any CPU
		{F5955F0E-9CF7-4AD9-810C-056969EB6541}.Debug|Any CPU.ActiveCfg = Debug|Any CPU
		{F5955F0E-9CF7-4AD9-810C-056969EB6541}.Debug|Any CPU.Build.0 = Debug|Any CPU
		{F5955F0E-9CF7-4AD9-810C-056969EB6541}.Debug|ARM.ActiveCfg = Debug|Any CPU
		{F5955F0E-9CF7-4AD9-810C-056969EB6541}.Debug|x64.ActiveCfg = Debug|Any CPU
		{F5955F0E-9CF7-4AD9-810C-056969EB6541}.Debug|x86.ActiveCfg = Debug|Any CPU
		{F5955F0E-9CF7-4AD9-810C-056969EB6541}.Release|Any CPU.ActiveCfg = Release|Any CPU
		{F5955F0E-9CF7-4AD9-810C-056969EB6541}.Release|Any CPU.Build.0 = Release|Any CPU
		{F5955F0E-9CF7-4AD9-810C-056969EB6541}.Release|ARM.ActiveCfg = Release|Any CPU
		{F5955F0E-9CF7-4AD9-810C-056969EB6541}.Release|x64.ActiveCfg = Release|Any CPU
		{F5955F0E-9CF7-4AD9-810C-056969EB6541}.Release|x86.ActiveCfg = Release|Any CPU
		{F60C5CD5-D0EB-4D11-B651-B9DBE9D2079C}.Debug|Any CPU.ActiveCfg = Debug|Any CPU
		{F60C5CD5-D0EB-4D11-B651-B9DBE9D2079C}.Debug|Any CPU.Build.0 = Debug|Any CPU
		{F60C5CD5-D0EB-4D11-B651-B9DBE9D2079C}.Debug|ARM.ActiveCfg = Debug|Any CPU
		{F60C5CD5-D0EB-4D11-B651-B9DBE9D2079C}.Debug|x64.ActiveCfg = Debug|Any CPU
		{F60C5CD5-D0EB-4D11-B651-B9DBE9D2079C}.Debug|x86.ActiveCfg = Debug|Any CPU
		{F60C5CD5-D0EB-4D11-B651-B9DBE9D2079C}.Release|Any CPU.ActiveCfg = Release|Any CPU
		{F60C5CD5-D0EB-4D11-B651-B9DBE9D2079C}.Release|Any CPU.Build.0 = Release|Any CPU
		{F60C5CD5-D0EB-4D11-B651-B9DBE9D2079C}.Release|ARM.ActiveCfg = Release|Any CPU
		{F60C5CD5-D0EB-4D11-B651-B9DBE9D2079C}.Release|x64.ActiveCfg = Release|Any CPU
		{F60C5CD5-D0EB-4D11-B651-B9DBE9D2079C}.Release|x86.ActiveCfg = Release|Any CPU
	EndGlobalSection
	GlobalSection(SolutionProperties) = preSolution
		HideSolutionNode = FALSE
	EndGlobalSection
	GlobalSection(NestedProjects) = preSolution
		{CBAF769F-E9A6-49D9-AD74-07DA5822BCB1} = {75D0AAAF-8E8C-4226-BA3B-721A49B60719}
		{525CD1E6-1EC4-4569-B3B0-501C9E466396} = {2D6FCBBF-09B6-42E3-BCC5-97DD09B76649}
		{C2358C74-DD95-4CD0-969C-C98B99FF35F9} = {458F3987-5EEC-464E-9D95-D7D6786B43FF}
		{65A6B79F-C870-4C77-BBDB-29F4ED083187} = {FAF98A45-19B8-4157-A4A6-62597B13D1AB}
		{2937D847-4423-48B6-8E04-E7837C4DD94E} = {FAF98A45-19B8-4157-A4A6-62597B13D1AB}
		{1711C167-D8F8-4D26-8CA4-BA6CC5E09450} = {75D0AAAF-8E8C-4226-BA3B-721A49B60719}
		{1C3FB343-DEBB-4F9A-89EB-16A9B441CA59} = {B8ECC065-C584-4589-9810-EA51C0058209}
		{DDBD6D5F-55A8-44F3-953E-EB4090B008DB} = {B8ECC065-C584-4589-9810-EA51C0058209}
		{7A4BD3E1-9DEF-408E-86CE-E240A8137B0E} = {B8ECC065-C584-4589-9810-EA51C0058209}
		{0CDF459F-BE1A-4A6B-B202-D385BEED5769} = {DDBD6D5F-55A8-44F3-953E-EB4090B008DB}
		{F96BE802-2894-4F07-81A9-BC851DE3C884} = {2D6FCBBF-09B6-42E3-BCC5-97DD09B76649}
		{458F3987-5EEC-464E-9D95-D7D6786B43FF} = {2D6FCBBF-09B6-42E3-BCC5-97DD09B76649}
		{75D0AAAF-8E8C-4226-BA3B-721A49B60719} = {FAF98A45-19B8-4157-A4A6-62597B13D1AB}
		{46A995A5-AEBA-4262-9624-085A1F78C58A} = {045DCFB0-2ABE-4788-8C46-1A97E1CA2ED3}
		{F5955F0E-9CF7-4AD9-810C-056969EB6541} = {07A73179-EBAC-4875-9A3A-9244B587123F}
		{F60C5CD5-D0EB-4D11-B651-B9DBE9D2079C} = {07A73179-EBAC-4875-9A3A-9244B587123F}
	EndGlobalSection
EndGlobal
