
Microsoft Visual Studio Solution File, Format Version 12.00
# Visual Studio 2013
VisualStudioVersion = 12.0.30723.0
MinimumVisualStudioVersion = 10.0.40219.1
Project("{2150E333-8FDC-42A3-9474-1A3956D46DE8}") = "Business", "Business", "{07A73179-EBAC-4875-9A3A-9244B587123F}"
EndProject
Project("{2150E333-8FDC-42A3-9474-1A3956D46DE8}") = "Presentation", "Presentation", "{2D6FCBBF-09B6-42E3-BCC5-97DD09B76649}"
EndProject
Project("{FAE04EC0-301F-11D3-BF4B-00C04F79EFBC}") = "ConsoleApplication", "ConsoleApplication\ConsoleApplication.csproj", "{525CD1E6-1EC4-4569-B3B0-501C9E466396}"
EndProject
Project("{2150E333-8FDC-42A3-9474-1A3956D46DE8}") = "Common", "Common", "{B8ECC065-C584-4589-9810-EA51C0058209}"
EndProject
Project("{FAE04EC0-301F-11D3-BF4B-00C04F79EFBC}") = "GlobalVariable", "GlobalVariable\GlobalVariable.csproj", "{1C3FB343-DEBB-4F9A-89EB-16A9B441CA59}"
EndProject
Project("{2150E333-8FDC-42A3-9474-1A3956D46DE8}") = "Architecture", "Architecture", "{DDBD6D5F-55A8-44F3-953E-EB4090B008DB}"
EndProject
Project("{F088123C-0E9E-452A-89E6-6BA2F21D5CAC}") = "Architecture", "Architecture\Architecture.modelproj", "{0CDF459F-BE1A-4A6B-B202-D385BEED5769}"
EndProject
Project("{FAE04EC0-301F-11D3-BF4B-00C04F79EFBC}") = "FormsApplication", "FormsApplication\FormsApplication.csproj", "{F96BE802-2894-4F07-81A9-BC851DE3C884}"
EndProject
Project("{2150E333-8FDC-42A3-9474-1A3956D46DE8}") = "Model", "Model", "{FAF98A45-19B8-4157-A4A6-62597B13D1AB}"
EndProject
Project("{2150E333-8FDC-42A3-9474-1A3956D46DE8}") = "Data", "Data", "{045DCFB0-2ABE-4788-8C46-1A97E1CA2ED3}"
EndProject
Project("{FAE04EC0-301F-11D3-BF4B-00C04F79EFBC}") = "Data.EF.ClusterDB", "Data.EF.ClusterDB\Data.EF.ClusterDB.csproj", "{5DC2F9DC-EAAD-425E-853A-5CDEB054F55F}"
EndProject
Project("{FAE04EC0-301F-11D3-BF4B-00C04F79EFBC}") = "Model.Entities", "Model.Entities\Model.Entities.csproj", "{E807B758-858C-4F1A-A6B1-1FE220426450}"
EndProject
Project("{FAE04EC0-301F-11D3-BF4B-00C04F79EFBC}") = "Model.Definition", "Model.Definition\Model.Definition.csproj", "{62864846-7447-4600-B704-91831B872E3F}"
EndProject
Project("{FAE04EC0-301F-11D3-BF4B-00C04F79EFBC}") = "Data.Web.JobMine", "Data.Web.JobMine\Data.Web.JobMine.csproj", "{07D1AEA5-7872-4B29-93D6-73F8FDC63D33}"
EndProject
Project("{FAE04EC0-301F-11D3-BF4B-00C04F79EFBC}") = "Data.IO.Local", "Data.IO.Local\Data.IO.Local.csproj", "{8BF3F9BB-8EA9-4EEF-BA16-F89FB067E7EF}"
EndProject
Project("{FAE04EC0-301F-11D3-BF4B-00C04F79EFBC}") = "Data.Web.GoogleApis", "Data.Web.GoogleApis\Data.Web.GoogleApis.csproj", "{B0313A60-81F0-4EB1-B423-8052989DBFC7}"
EndProject
Project("{FAE04EC0-301F-11D3-BF4B-00C04F79EFBC}") = "Data.EF.DBSeeder", "Data.EF.DBSeeder\Data.EF.DBSeeder.csproj", "{3AA0E7C1-4502-419D-B83D-B658E948789F}"
EndProject
Project("{FAE04EC0-301F-11D3-BF4B-00C04F79EFBC}") = "Presentation.WPF.SimpleJobMineDownloader", "Presentation.WPF.SimpleJobMineDownloader\Presentation.WPF.SimpleJobMineDownloader.csproj", "{74891689-7A11-4F1C-B269-EF4976CCCE4D}"
EndProject
Project("{FAE04EC0-301F-11D3-BF4B-00C04F79EFBC}") = "Business.JobMine", "Business.JobMine\Business.JobMine.csproj", "{AC05B1C9-C9C9-4220-8A2C-BE6952C2E358}"
EndProject
Global
	GlobalSection(SolutionConfigurationPlatforms) = preSolution
		Debug|Any CPU = Debug|Any CPU
		Debug|ARM = Debug|ARM
		Debug|x64 = Debug|x64
		Debug|x86 = Debug|x86
		Release|Any CPU = Release|Any CPU
		Release|ARM = Release|ARM
		Release|x64 = Release|x64
		Release|x86 = Release|x86
	EndGlobalSection
	GlobalSection(ProjectConfigurationPlatforms) = postSolution
		{525CD1E6-1EC4-4569-B3B0-501C9E466396}.Debug|Any CPU.ActiveCfg = Debug|Any CPU
		{525CD1E6-1EC4-4569-B3B0-501C9E466396}.Debug|Any CPU.Build.0 = Debug|Any CPU
		{525CD1E6-1EC4-4569-B3B0-501C9E466396}.Debug|ARM.ActiveCfg = Debug|Any CPU
		{525CD1E6-1EC4-4569-B3B0-501C9E466396}.Debug|x64.ActiveCfg = Debug|Any CPU
		{525CD1E6-1EC4-4569-B3B0-501C9E466396}.Debug|x86.ActiveCfg = Debug|Any CPU
		{525CD1E6-1EC4-4569-B3B0-501C9E466396}.Release|Any CPU.ActiveCfg = Release|Any CPU
		{525CD1E6-1EC4-4569-B3B0-501C9E466396}.Release|Any CPU.Build.0 = Release|Any CPU
		{525CD1E6-1EC4-4569-B3B0-501C9E466396}.Release|ARM.ActiveCfg = Release|Any CPU
		{525CD1E6-1EC4-4569-B3B0-501C9E466396}.Release|x64.ActiveCfg = Release|Any CPU
		{525CD1E6-1EC4-4569-B3B0-501C9E466396}.Release|x86.ActiveCfg = Release|Any CPU
		{1C3FB343-DEBB-4F9A-89EB-16A9B441CA59}.Debug|Any CPU.ActiveCfg = Debug|Any CPU
		{1C3FB343-DEBB-4F9A-89EB-16A9B441CA59}.Debug|Any CPU.Build.0 = Debug|Any CPU
		{1C3FB343-DEBB-4F9A-89EB-16A9B441CA59}.Debug|ARM.ActiveCfg = Debug|Any CPU
		{1C3FB343-DEBB-4F9A-89EB-16A9B441CA59}.Debug|x64.ActiveCfg = Debug|Any CPU
		{1C3FB343-DEBB-4F9A-89EB-16A9B441CA59}.Debug|x86.ActiveCfg = Debug|Any CPU
		{1C3FB343-DEBB-4F9A-89EB-16A9B441CA59}.Release|Any CPU.ActiveCfg = Release|Any CPU
		{1C3FB343-DEBB-4F9A-89EB-16A9B441CA59}.Release|Any CPU.Build.0 = Release|Any CPU
		{1C3FB343-DEBB-4F9A-89EB-16A9B441CA59}.Release|ARM.ActiveCfg = Release|Any CPU
		{1C3FB343-DEBB-4F9A-89EB-16A9B441CA59}.Release|x64.ActiveCfg = Release|Any CPU
		{1C3FB343-DEBB-4F9A-89EB-16A9B441CA59}.Release|x86.ActiveCfg = Release|Any CPU
		{0CDF459F-BE1A-4A6B-B202-D385BEED5769}.Debug|Any CPU.ActiveCfg = Debug|Any CPU
		{0CDF459F-BE1A-4A6B-B202-D385BEED5769}.Debug|Any CPU.Build.0 = Debug|Any CPU
		{0CDF459F-BE1A-4A6B-B202-D385BEED5769}.Debug|ARM.ActiveCfg = Debug|Any CPU
		{0CDF459F-BE1A-4A6B-B202-D385BEED5769}.Debug|x64.ActiveCfg = Debug|Any CPU
		{0CDF459F-BE1A-4A6B-B202-D385BEED5769}.Debug|x86.ActiveCfg = Debug|Any CPU
		{0CDF459F-BE1A-4A6B-B202-D385BEED5769}.Release|Any CPU.ActiveCfg = Release|Any CPU
		{0CDF459F-BE1A-4A6B-B202-D385BEED5769}.Release|Any CPU.Build.0 = Release|Any CPU
		{0CDF459F-BE1A-4A6B-B202-D385BEED5769}.Release|ARM.ActiveCfg = Release|Any CPU
		{0CDF459F-BE1A-4A6B-B202-D385BEED5769}.Release|x64.ActiveCfg = Release|Any CPU
		{0CDF459F-BE1A-4A6B-B202-D385BEED5769}.Release|x86.ActiveCfg = Release|Any CPU
		{F96BE802-2894-4F07-81A9-BC851DE3C884}.Debug|Any CPU.ActiveCfg = Debug|Any CPU
		{F96BE802-2894-4F07-81A9-BC851DE3C884}.Debug|Any CPU.Build.0 = Debug|Any CPU
		{F96BE802-2894-4F07-81A9-BC851DE3C884}.Debug|ARM.ActiveCfg = Debug|Any CPU
		{F96BE802-2894-4F07-81A9-BC851DE3C884}.Debug|x64.ActiveCfg = Debug|Any CPU
		{F96BE802-2894-4F07-81A9-BC851DE3C884}.Debug|x86.ActiveCfg = Debug|Any CPU
		{F96BE802-2894-4F07-81A9-BC851DE3C884}.Release|Any CPU.ActiveCfg = Release|Any CPU
		{F96BE802-2894-4F07-81A9-BC851DE3C884}.Release|Any CPU.Build.0 = Release|Any CPU
		{F96BE802-2894-4F07-81A9-BC851DE3C884}.Release|ARM.ActiveCfg = Release|Any CPU
		{F96BE802-2894-4F07-81A9-BC851DE3C884}.Release|x64.ActiveCfg = Release|Any CPU
		{F96BE802-2894-4F07-81A9-BC851DE3C884}.Release|x86.ActiveCfg = Release|Any CPU
		{5DC2F9DC-EAAD-425E-853A-5CDEB054F55F}.Debug|Any CPU.ActiveCfg = Debug|Any CPU
		{5DC2F9DC-EAAD-425E-853A-5CDEB054F55F}.Debug|Any CPU.Build.0 = Debug|Any CPU
		{5DC2F9DC-EAAD-425E-853A-5CDEB054F55F}.Debug|ARM.ActiveCfg = Debug|Any CPU
		{5DC2F9DC-EAAD-425E-853A-5CDEB054F55F}.Debug|x64.ActiveCfg = Debug|Any CPU
		{5DC2F9DC-EAAD-425E-853A-5CDEB054F55F}.Debug|x86.ActiveCfg = Debug|Any CPU
		{5DC2F9DC-EAAD-425E-853A-5CDEB054F55F}.Release|Any CPU.ActiveCfg = Release|Any CPU
		{5DC2F9DC-EAAD-425E-853A-5CDEB054F55F}.Release|Any CPU.Build.0 = Release|Any CPU
		{5DC2F9DC-EAAD-425E-853A-5CDEB054F55F}.Release|ARM.ActiveCfg = Release|Any CPU
		{5DC2F9DC-EAAD-425E-853A-5CDEB054F55F}.Release|x64.ActiveCfg = Release|Any CPU
		{5DC2F9DC-EAAD-425E-853A-5CDEB054F55F}.Release|x86.ActiveCfg = Release|Any CPU
		{E807B758-858C-4F1A-A6B1-1FE220426450}.Debug|Any CPU.ActiveCfg = Debug|Any CPU
		{E807B758-858C-4F1A-A6B1-1FE220426450}.Debug|Any CPU.Build.0 = Debug|Any CPU
		{E807B758-858C-4F1A-A6B1-1FE220426450}.Debug|ARM.ActiveCfg = Debug|Any CPU
		{E807B758-858C-4F1A-A6B1-1FE220426450}.Debug|x64.ActiveCfg = Debug|Any CPU
		{E807B758-858C-4F1A-A6B1-1FE220426450}.Debug|x86.ActiveCfg = Debug|Any CPU
		{E807B758-858C-4F1A-A6B1-1FE220426450}.Release|Any CPU.ActiveCfg = Release|Any CPU
		{E807B758-858C-4F1A-A6B1-1FE220426450}.Release|Any CPU.Build.0 = Release|Any CPU
		{E807B758-858C-4F1A-A6B1-1FE220426450}.Release|ARM.ActiveCfg = Release|Any CPU
		{E807B758-858C-4F1A-A6B1-1FE220426450}.Release|x64.ActiveCfg = Release|Any CPU
		{E807B758-858C-4F1A-A6B1-1FE220426450}.Release|x86.ActiveCfg = Release|Any CPU
		{62864846-7447-4600-B704-91831B872E3F}.Debug|Any CPU.ActiveCfg = Debug|Any CPU
		{62864846-7447-4600-B704-91831B872E3F}.Debug|Any CPU.Build.0 = Debug|Any CPU
		{62864846-7447-4600-B704-91831B872E3F}.Debug|ARM.ActiveCfg = Debug|Any CPU
		{62864846-7447-4600-B704-91831B872E3F}.Debug|x64.ActiveCfg = Debug|Any CPU
		{62864846-7447-4600-B704-91831B872E3F}.Debug|x86.ActiveCfg = Debug|Any CPU
		{62864846-7447-4600-B704-91831B872E3F}.Release|Any CPU.ActiveCfg = Release|Any CPU
		{62864846-7447-4600-B704-91831B872E3F}.Release|Any CPU.Build.0 = Release|Any CPU
		{62864846-7447-4600-B704-91831B872E3F}.Release|ARM.ActiveCfg = Release|Any CPU
		{62864846-7447-4600-B704-91831B872E3F}.Release|x64.ActiveCfg = Release|Any CPU
		{62864846-7447-4600-B704-91831B872E3F}.Release|x86.ActiveCfg = Release|Any CPU
		{07D1AEA5-7872-4B29-93D6-73F8FDC63D33}.Debug|Any CPU.ActiveCfg = Debug|Any CPU
		{07D1AEA5-7872-4B29-93D6-73F8FDC63D33}.Debug|Any CPU.Build.0 = Debug|Any CPU
		{07D1AEA5-7872-4B29-93D6-73F8FDC63D33}.Debug|ARM.ActiveCfg = Debug|Any CPU
		{07D1AEA5-7872-4B29-93D6-73F8FDC63D33}.Debug|x64.ActiveCfg = Debug|Any CPU
		{07D1AEA5-7872-4B29-93D6-73F8FDC63D33}.Debug|x86.ActiveCfg = Debug|Any CPU
		{07D1AEA5-7872-4B29-93D6-73F8FDC63D33}.Release|Any CPU.ActiveCfg = Release|Any CPU
		{07D1AEA5-7872-4B29-93D6-73F8FDC63D33}.Release|Any CPU.Build.0 = Release|Any CPU
		{07D1AEA5-7872-4B29-93D6-73F8FDC63D33}.Release|ARM.ActiveCfg = Release|Any CPU
		{07D1AEA5-7872-4B29-93D6-73F8FDC63D33}.Release|x64.ActiveCfg = Release|Any CPU
		{07D1AEA5-7872-4B29-93D6-73F8FDC63D33}.Release|x86.ActiveCfg = Release|Any CPU
		{8BF3F9BB-8EA9-4EEF-BA16-F89FB067E7EF}.Debug|Any CPU.ActiveCfg = Debug|Any CPU
		{8BF3F9BB-8EA9-4EEF-BA16-F89FB067E7EF}.Debug|Any CPU.Build.0 = Debug|Any CPU
		{8BF3F9BB-8EA9-4EEF-BA16-F89FB067E7EF}.Debug|ARM.ActiveCfg = Debug|Any CPU
		{8BF3F9BB-8EA9-4EEF-BA16-F89FB067E7EF}.Debug|x64.ActiveCfg = Debug|Any CPU
		{8BF3F9BB-8EA9-4EEF-BA16-F89FB067E7EF}.Debug|x86.ActiveCfg = Debug|Any CPU
		{8BF3F9BB-8EA9-4EEF-BA16-F89FB067E7EF}.Release|Any CPU.ActiveCfg = Release|Any CPU
		{8BF3F9BB-8EA9-4EEF-BA16-F89FB067E7EF}.Release|Any CPU.Build.0 = Release|Any CPU
		{8BF3F9BB-8EA9-4EEF-BA16-F89FB067E7EF}.Release|ARM.ActiveCfg = Release|Any CPU
		{8BF3F9BB-8EA9-4EEF-BA16-F89FB067E7EF}.Release|x64.ActiveCfg = Release|Any CPU
		{8BF3F9BB-8EA9-4EEF-BA16-F89FB067E7EF}.Release|x86.ActiveCfg = Release|Any CPU
		{B0313A60-81F0-4EB1-B423-8052989DBFC7}.Debug|Any CPU.ActiveCfg = Debug|Any CPU
		{B0313A60-81F0-4EB1-B423-8052989DBFC7}.Debug|Any CPU.Build.0 = Debug|Any CPU
		{B0313A60-81F0-4EB1-B423-8052989DBFC7}.Debug|ARM.ActiveCfg = Debug|Any CPU
		{B0313A60-81F0-4EB1-B423-8052989DBFC7}.Debug|x64.ActiveCfg = Debug|Any CPU
		{B0313A60-81F0-4EB1-B423-8052989DBFC7}.Debug|x86.ActiveCfg = Debug|Any CPU
		{B0313A60-81F0-4EB1-B423-8052989DBFC7}.Release|Any CPU.ActiveCfg = Release|Any CPU
		{B0313A60-81F0-4EB1-B423-8052989DBFC7}.Release|Any CPU.Build.0 = Release|Any CPU
		{B0313A60-81F0-4EB1-B423-8052989DBFC7}.Release|ARM.ActiveCfg = Release|Any CPU
		{B0313A60-81F0-4EB1-B423-8052989DBFC7}.Release|x64.ActiveCfg = Release|Any CPU
		{B0313A60-81F0-4EB1-B423-8052989DBFC7}.Release|x86.ActiveCfg = Release|Any CPU
		{3AA0E7C1-4502-419D-B83D-B658E948789F}.Debug|Any CPU.ActiveCfg = Debug|Any CPU
		{3AA0E7C1-4502-419D-B83D-B658E948789F}.Debug|Any CPU.Build.0 = Debug|Any CPU
		{3AA0E7C1-4502-419D-B83D-B658E948789F}.Debug|ARM.ActiveCfg = Debug|Any CPU
		{3AA0E7C1-4502-419D-B83D-B658E948789F}.Debug|x64.ActiveCfg = Debug|Any CPU
		{3AA0E7C1-4502-419D-B83D-B658E948789F}.Debug|x86.ActiveCfg = Debug|Any CPU
		{3AA0E7C1-4502-419D-B83D-B658E948789F}.Release|Any CPU.ActiveCfg = Release|Any CPU
		{3AA0E7C1-4502-419D-B83D-B658E948789F}.Release|Any CPU.Build.0 = Release|Any CPU
		{3AA0E7C1-4502-419D-B83D-B658E948789F}.Release|ARM.ActiveCfg = Release|Any CPU
		{3AA0E7C1-4502-419D-B83D-B658E948789F}.Release|x64.ActiveCfg = Release|Any CPU
		{3AA0E7C1-4502-419D-B83D-B658E948789F}.Release|x86.ActiveCfg = Release|Any CPU
		{74891689-7A11-4F1C-B269-EF4976CCCE4D}.Debug|Any CPU.ActiveCfg = Debug|Any CPU
		{74891689-7A11-4F1C-B269-EF4976CCCE4D}.Debug|Any CPU.Build.0 = Debug|Any CPU
		{74891689-7A11-4F1C-B269-EF4976CCCE4D}.Debug|ARM.ActiveCfg = Debug|Any CPU
		{74891689-7A11-4F1C-B269-EF4976CCCE4D}.Debug|x64.ActiveCfg = Debug|Any CPU
		{74891689-7A11-4F1C-B269-EF4976CCCE4D}.Debug|x86.ActiveCfg = Debug|Any CPU
		{74891689-7A11-4F1C-B269-EF4976CCCE4D}.Release|Any CPU.ActiveCfg = Release|Any CPU
		{74891689-7A11-4F1C-B269-EF4976CCCE4D}.Release|Any CPU.Build.0 = Release|Any CPU
		{74891689-7A11-4F1C-B269-EF4976CCCE4D}.Release|ARM.ActiveCfg = Release|Any CPU
		{74891689-7A11-4F1C-B269-EF4976CCCE4D}.Release|x64.ActiveCfg = Release|Any CPU
		{74891689-7A11-4F1C-B269-EF4976CCCE4D}.Release|x86.ActiveCfg = Release|Any CPU
		{AC05B1C9-C9C9-4220-8A2C-BE6952C2E358}.Debug|Any CPU.ActiveCfg = Debug|Any CPU
		{AC05B1C9-C9C9-4220-8A2C-BE6952C2E358}.Debug|Any CPU.Build.0 = Debug|Any CPU
		{AC05B1C9-C9C9-4220-8A2C-BE6952C2E358}.Debug|ARM.ActiveCfg = Debug|Any CPU
		{AC05B1C9-C9C9-4220-8A2C-BE6952C2E358}.Debug|x64.ActiveCfg = Debug|Any CPU
		{AC05B1C9-C9C9-4220-8A2C-BE6952C2E358}.Debug|x86.ActiveCfg = Debug|Any CPU
		{AC05B1C9-C9C9-4220-8A2C-BE6952C2E358}.Release|Any CPU.ActiveCfg = Release|Any CPU
		{AC05B1C9-C9C9-4220-8A2C-BE6952C2E358}.Release|Any CPU.Build.0 = Release|Any CPU
		{AC05B1C9-C9C9-4220-8A2C-BE6952C2E358}.Release|ARM.ActiveCfg = Release|Any CPU
		{AC05B1C9-C9C9-4220-8A2C-BE6952C2E358}.Release|x64.ActiveCfg = Release|Any CPU
		{AC05B1C9-C9C9-4220-8A2C-BE6952C2E358}.Release|x86.ActiveCfg = Release|Any CPU
	EndGlobalSection
	GlobalSection(SolutionProperties) = preSolution
		HideSolutionNode = FALSE
	EndGlobalSection
	GlobalSection(NestedProjects) = preSolution
		{525CD1E6-1EC4-4569-B3B0-501C9E466396} = {2D6FCBBF-09B6-42E3-BCC5-97DD09B76649}
		{1C3FB343-DEBB-4F9A-89EB-16A9B441CA59} = {B8ECC065-C584-4589-9810-EA51C0058209}
		{DDBD6D5F-55A8-44F3-953E-EB4090B008DB} = {B8ECC065-C584-4589-9810-EA51C0058209}
		{0CDF459F-BE1A-4A6B-B202-D385BEED5769} = {DDBD6D5F-55A8-44F3-953E-EB4090B008DB}
		{F96BE802-2894-4F07-81A9-BC851DE3C884} = {2D6FCBBF-09B6-42E3-BCC5-97DD09B76649}
		{5DC2F9DC-EAAD-425E-853A-5CDEB054F55F} = {045DCFB0-2ABE-4788-8C46-1A97E1CA2ED3}
		{E807B758-858C-4F1A-A6B1-1FE220426450} = {FAF98A45-19B8-4157-A4A6-62597B13D1AB}
		{62864846-7447-4600-B704-91831B872E3F} = {FAF98A45-19B8-4157-A4A6-62597B13D1AB}
		{07D1AEA5-7872-4B29-93D6-73F8FDC63D33} = {045DCFB0-2ABE-4788-8C46-1A97E1CA2ED3}
		{8BF3F9BB-8EA9-4EEF-BA16-F89FB067E7EF} = {045DCFB0-2ABE-4788-8C46-1A97E1CA2ED3}
		{B0313A60-81F0-4EB1-B423-8052989DBFC7} = {045DCFB0-2ABE-4788-8C46-1A97E1CA2ED3}
		{3AA0E7C1-4502-419D-B83D-B658E948789F} = {045DCFB0-2ABE-4788-8C46-1A97E1CA2ED3}
		{74891689-7A11-4F1C-B269-EF4976CCCE4D} = {2D6FCBBF-09B6-42E3-BCC5-97DD09B76649}
		{AC05B1C9-C9C9-4220-8A2C-BE6952C2E358} = {07A73179-EBAC-4875-9A3A-9244B587123F}
	EndGlobalSection
EndGlobal
